
Microsoft Visual Studio Solution File, Format Version 12.00
# Visual Studio Version 17
VisualStudioVersion = 17.8.34525.116
MinimumVisualStudioVersion = 10.0.40219.1
Project("{9A19103F-16F7-4668-BE54-9A1E7A4F7556}") = "AzureQueueManager", "src\AzureQueueManager\AzureQueueManager.csproj", "{F6DB573A-9592-4D85-A0B7-CF880F89F231}"
EndProject
Project("{2150E333-8FDC-42A3-9474-1A3956D46DE8}") = "src", "src", "{3FED15A6-A3BA-4A14-836A-A6C08A1E2E79}"
EndProject
Global
	GlobalSection(SolutionConfigurationPlatforms) = preSolution
		Debug|Any CPU = Debug|Any CPU
		Release|Any CPU = Release|Any CPU
	EndGlobalSection
	GlobalSection(ProjectConfigurationPlatforms) = postSolution
		{F6DB573A-9592-4D85-A0B7-CF880F89F231}.Debug|Any CPU.ActiveCfg = Debug|Any CPU
		{F6DB573A-9592-4D85-A0B7-CF880F89F231}.Debug|Any CPU.Build.0 = Debug|Any CPU
		{F6DB573A-9592-4D85-A0B7-CF880F89F231}.Release|Any CPU.ActiveCfg = Release|Any CPU
		{F6DB573A-9592-4D85-A0B7-CF880F89F231}.Release|Any CPU.Build.0 = Release|Any CPU
	EndGlobalSection
	GlobalSection(SolutionProperties) = preSolution
		HideSolutionNode = FALSE
	EndGlobalSection
	GlobalSection(NestedProjects) = preSolution
		{F6DB573A-9592-4D85-A0B7-CF880F89F231} = {3FED15A6-A3BA-4A14-836A-A6C08A1E2E79}
	EndGlobalSection
	GlobalSection(ExtensibilityGlobals) = postSolution
		SolutionGuid = {FE69A306-0290-44E5-8944-739EDE8E96BE}
	EndGlobalSection
EndGlobal
